
Microsoft Visual Studio Solution File, Format Version 12.00
# Visual Studio Version 16
VisualStudioVersion = 16.0.30717.126
MinimumVisualStudioVersion = 10.0.40219.1
Project("{8BC9CEB8-8B4A-11D0-8D11-00A0C91BC942}") = "WordCounterCPP", "WordCounterCPP\WordCounterCPP.vcxproj", "{35A7CB7F-4CE8-4960-8775-D1D63071F80D}"
EndProject
Project("{8BC9CEB8-8B4A-11D0-8D11-00A0C91BC942}") = "Unit-Test_1", "Unit-Test_1\Unit-Test_1.vcxproj", "{0CDCF313-BB47-48FA-BCA0-F6C04E66867C}"
EndProject
Global
	GlobalSection(SolutionConfigurationPlatforms) = preSolution
		Debug|x64 = Debug|x64
		Debug|x86 = Debug|x86
		Release|x64 = Release|x64
		Release|x86 = Release|x86
	EndGlobalSection
	GlobalSection(ProjectConfigurationPlatforms) = postSolution
		{35A7CB7F-4CE8-4960-8775-D1D63071F80D}.Debug|x64.ActiveCfg = Debug|x64
		{35A7CB7F-4CE8-4960-8775-D1D63071F80D}.Debug|x64.Build.0 = Debug|x64
		{35A7CB7F-4CE8-4960-8775-D1D63071F80D}.Debug|x86.ActiveCfg = Debug|Win32
		{35A7CB7F-4CE8-4960-8775-D1D63071F80D}.Debug|x86.Build.0 = Debug|Win32
		{35A7CB7F-4CE8-4960-8775-D1D63071F80D}.Release|x64.ActiveCfg = Release|x64
		{35A7CB7F-4CE8-4960-8775-D1D63071F80D}.Release|x64.Build.0 = Release|x64
		{35A7CB7F-4CE8-4960-8775-D1D63071F80D}.Release|x86.ActiveCfg = Release|Win32
		{35A7CB7F-4CE8-4960-8775-D1D63071F80D}.Release|x86.Build.0 = Release|Win32
		{0CDCF313-BB47-48FA-BCA0-F6C04E66867C}.Debug|x64.ActiveCfg = Debug|x64
		{0CDCF313-BB47-48FA-BCA0-F6C04E66867C}.Debug|x64.Build.0 = Debug|x64
		{0CDCF313-BB47-48FA-BCA0-F6C04E66867C}.Debug|x86.ActiveCfg = Debug|Win32
		{0CDCF313-BB47-48FA-BCA0-F6C04E66867C}.Debug|x86.Build.0 = Debug|Win32
		{0CDCF313-BB47-48FA-BCA0-F6C04E66867C}.Release|x64.ActiveCfg = Release|x64
		{0CDCF313-BB47-48FA-BCA0-F6C04E66867C}.Release|x64.Build.0 = Release|x64
		{0CDCF313-BB47-48FA-BCA0-F6C04E66867C}.Release|x86.ActiveCfg = Release|Win32
		{0CDCF313-BB47-48FA-BCA0-F6C04E66867C}.Release|x86.Build.0 = Release|Win32
	EndGlobalSection
	GlobalSection(SolutionProperties) = preSolution
		HideSolutionNode = FALSE
	EndGlobalSection
	GlobalSection(ExtensibilityGlobals) = postSolution
		SolutionGuid = {E2E31F93-C941-4BBB-99C9-740139EA2467}
	EndGlobalSection
EndGlobal
